<?xml version="1.0" encoding="utf-8"?>
<Project ToolsVersion="4.0" xmlns="http://schemas.microsoft.com/developer/msbuild/2003">
  <ItemGroup>
    <Filter Include="src">
      <UniqueIdentifier>{69e58d82-b5ac-4307-9b8b-7424ed0d55c2}</UniqueIdentifier>
    </Filter>
    <Filter Include="src\ospf">
      <UniqueIdentifier>{ab1a692c-2bca-4a83-9bad-56cc32845aef}</UniqueIdentifier>
    </Filter>
    <Filter Include="src\ospf\physics">
      <UniqueIdentifier>{1f2ed145-884d-40a7-8d31-6cde07668e64}</UniqueIdentifier>
    </Filter>
    <Filter Include="src\ospf\physics\quantity">
      <UniqueIdentifier>{aab8b3bb-287c-417b-8c3b-e6b5b82eaf85}</UniqueIdentifier>
    </Filter>
    <Filter Include="src\ospf\physics\quantity\dimension">
      <UniqueIdentifier>{29c7b96a-c247-40fe-8be4-20c34e8fb5fe}</UniqueIdentifier>
    </Filter>
    <Filter Include="src\ospf\physics\quantity\unit">
      <UniqueIdentifier>{abab4daf-d4b7-40c1-a0e2-2078c221d968}</UniqueIdentifier>
    </Filter>
  </ItemGroup>
  <ItemGroup>
    <ClInclude Include="src\ospf\physics\quantity\dimension\fundamental_quantity.hpp">
      <Filter>src\ospf\physics\quantity\dimension</Filter>
    </ClInclude>
    <ClInclude Include="src\ospf\physics\quantity\dimension\derived_quantity.hpp">
      <Filter>src\ospf\physics\quantity\dimension</Filter>
    </ClInclude>
    <ClInclude Include="src\ospf\physics\quantity\dimension\derived_quantities.hpp">
      <Filter>src\ospf\physics\quantity\dimension</Filter>
    </ClInclude>
  </ItemGroup>
</Project>